
Microsoft Visual Studio Solution File, Format Version 12.00
# Visual Studio 15
Project("{FAE04EC0-301F-11D3-BF4B-00C04F79EFBC}") = "SimpleInput.Runtime", "SimpleInput.Runtime.csproj", "{F3464EA6-1C52-121C-D2B0-BFE434D22EA9}"
EndProject
Project("{FAE04EC0-301F-11D3-BF4B-00C04F79EFBC}") = "Assembly-CSharp", "Assembly-CSharp.csproj", "{8573E975-2124-EA40-322E-6E83EDFAB1FE}"
EndProject
Project("{FAE04EC0-301F-11D3-BF4B-00C04F79EFBC}") = "SimpleInput.Editor", "SimpleInput.Editor.csproj", "{64EED368-8E21-1558-7849-7CC293333754}"
EndProject
Global
	GlobalSection(SolutionConfigurationPlatforms) = preSolution
		Debug|Any CPU = Debug|Any CPU
		Release|Any CPU = Release|Any CPU
	EndGlobalSection
	GlobalSection(ProjectConfigurationPlatforms) = postSolution
		{F3464EA6-1C52-121C-D2B0-BFE434D22EA9}.Debug|Any CPU.ActiveCfg = Debug|Any CPU
		{F3464EA6-1C52-121C-D2B0-BFE434D22EA9}.Debug|Any CPU.Build.0 = Debug|Any CPU
		{F3464EA6-1C52-121C-D2B0-BFE434D22EA9}.Release|Any CPU.ActiveCfg = Release|Any CPU
		{F3464EA6-1C52-121C-D2B0-BFE434D22EA9}.Release|Any CPU.Build.0 = Release|Any CPU
		{8573E975-2124-EA40-322E-6E83EDFAB1FE}.Debug|Any CPU.ActiveCfg = Debug|Any CPU
		{8573E975-2124-EA40-322E-6E83EDFAB1FE}.Debug|Any CPU.Build.0 = Debug|Any CPU
		{8573E975-2124-EA40-322E-6E83EDFAB1FE}.Release|Any CPU.ActiveCfg = Release|Any CPU
		{8573E975-2124-EA40-322E-6E83EDFAB1FE}.Release|Any CPU.Build.0 = Release|Any CPU
		{64EED368-8E21-1558-7849-7CC293333754}.Debug|Any CPU.ActiveCfg = Debug|Any CPU
		{64EED368-8E21-1558-7849-7CC293333754}.Debug|Any CPU.Build.0 = Debug|Any CPU
		{64EED368-8E21-1558-7849-7CC293333754}.Release|Any CPU.ActiveCfg = Release|Any CPU
		{64EED368-8E21-1558-7849-7CC293333754}.Release|Any CPU.Build.0 = Release|Any CPU
	EndGlobalSection
	GlobalSection(SolutionProperties) = preSolution
		HideSolutionNode = FALSE
	EndGlobalSection
EndGlobal
